// !$*UTF8*$!
{
	archiveVersion = 1;
	classes = {
	};
	objectVersion = 46;
	objects = {

/* Begin PBXBuildFile section */
		5725DE721A0415CD00343E5F /* AppDelegate.swift in Sources */ = {isa = PBXBuildFile; fileRef = 5725DE711A0415CD00343E5F /* AppDelegate.swift */; };
		5725DE751A0415CD00343E5F /* CharSheet_Swift.xcdatamodeld in Sources */ = {isa = PBXBuildFile; fileRef = 5725DE731A0415CD00343E5F /* CharSheet_Swift.xcdatamodeld */; };
		5725DE771A0415CD00343E5F /* MasterViewController.swift in Sources */ = {isa = PBXBuildFile; fileRef = 5725DE761A0415CD00343E5F /* MasterViewController.swift */; };
		5725DE791A0415CD00343E5F /* DetailViewController.swift in Sources */ = {isa = PBXBuildFile; fileRef = 5725DE781A0415CD00343E5F /* DetailViewController.swift */; };
		5725DE7C1A0415CD00343E5F /* Main.storyboard in Resources */ = {isa = PBXBuildFile; fileRef = 5725DE7A1A0415CD00343E5F /* Main.storyboard */; };
		5725DE7E1A0415CD00343E5F /* Images.xcassets in Resources */ = {isa = PBXBuildFile; fileRef = 5725DE7D1A0415CD00343E5F /* Images.xcassets */; };
		5725DE811A0415CD00343E5F /* LaunchScreen.xib in Resources */ = {isa = PBXBuildFile; fileRef = 5725DE7F1A0415CD00343E5F /* LaunchScreen.xib */; };
		5725DE8D1A0415CD00343E5F /* CharSheet_SwiftTests.swift in Sources */ = {isa = PBXBuildFile; fileRef = 5725DE8C1A0415CD00343E5F /* CharSheet_SwiftTests.swift */; };
/* End PBXBuildFile section */

/* Begin PBXContainerItemProxy section */
		5725DE871A0415CD00343E5F /* PBXContainerItemProxy */ = {
			isa = PBXContainerItemProxy;
			containerPortal = 5725DE641A0415CC00343E5F /* Project object */;
			proxyType = 1;
			remoteGlobalIDString = 5725DE6B1A0415CD00343E5F;
			remoteInfo = "CharSheet-Swift";
		};
/* End PBXContainerItemProxy section */

/* Begin PBXFileReference section */
		5725DE6C1A0415CD00343E5F /* CharSheet-Swift.app */ = {isa = PBXFileReference; explicitFileType = wrapper.application; includeInIndex = 0; path = "CharSheet-Swift.app"; sourceTree = BUILT_PRODUCTS_DIR; };
		5725DE701A0415CD00343E5F /* Info.plist */ = {isa = PBXFileReference; lastKnownFileType = text.plist.xml; path = Info.plist; sourceTree = "<group>"; };
		5725DE711A0415CD00343E5F /* AppDelegate.swift */ = {isa = PBXFileReference; lastKnownFileType = sourcecode.swift; path = AppDelegate.swift; sourceTree = "<group>"; };
		5725DE741A0415CD00343E5F /* CharSheet_Swift.xcdatamodel */ = {isa = PBXFileReference; lastKnownFileType = wrapper.xcdatamodel; path = CharSheet_Swift.xcdatamodel; sourceTree = "<group>"; };
		5725DE761A0415CD00343E5F /* MasterViewController.swift */ = {isa = PBXFileReference; lastKnownFileType = sourcecode.swift; path = MasterViewController.swift; sourceTree = "<group>"; };
		5725DE781A0415CD00343E5F /* DetailViewController.swift */ = {isa = PBXFileReference; lastKnownFileType = sourcecode.swift; path = DetailViewController.swift; sourceTree = "<group>"; };
		5725DE7B1A0415CD00343E5F /* Base */ = {isa = PBXFileReference; lastKnownFileType = file.storyboard; name = Base; path = Base.lproj/Main.storyboard; sourceTree = "<group>"; };
		5725DE7D1A0415CD00343E5F /* Images.xcassets */ = {isa = PBXFileReference; lastKnownFileType = folder.assetcatalog; path = Images.xcassets; sourceTree = "<group>"; };
		5725DE801A0415CD00343E5F /* Base */ = {isa = PBXFileReference; lastKnownFileType = file.xib; name = Base; path = Base.lproj/LaunchScreen.xib; sourceTree = "<group>"; };
		5725DE861A0415CD00343E5F /* CharSheet-SwiftTests.xctest */ = {isa = PBXFileReference; explicitFileType = wrapper.cfbundle; includeInIndex = 0; path = "CharSheet-SwiftTests.xctest"; sourceTree = BUILT_PRODUCTS_DIR; };
		5725DE8B1A0415CD00343E5F /* Info.plist */ = {isa = PBXFileReference; lastKnownFileType = text.plist.xml; path = Info.plist; sourceTree = "<group>"; };
		5725DE8C1A0415CD00343E5F /* CharSheet_SwiftTests.swift */ = {isa = PBXFileReference; lastKnownFileType = sourcecode.swift; path = CharSheet_SwiftTests.swift; sourceTree = "<group>"; };
/* End PBXFileReference section */

/* Begin PBXFrameworksBuildPhase section */
		5725DE691A0415CD00343E5F /* Frameworks */ = {
			isa = PBXFrameworksBuildPhase;
			buildActionMask = 2147483647;
			files = (
			);
			runOnlyForDeploymentPostprocessing = 0;
		};
		5725DE831A0415CD00343E5F /* Frameworks */ = {
			isa = PBXFrameworksBuildPhase;
			buildActionMask = 2147483647;
			files = (
			);
			runOnlyForDeploymentPostprocessing = 0;
		};
/* End PBXFrameworksBuildPhase section */

/* Begin PBXGroup section */
		5725DE631A0415CC00343E5F = {
			isa = PBXGroup;
			children = (
				5725DE6E1A0415CD00343E5F /* CharSheet-Swift */,
				5725DE891A0415CD00343E5F /* CharSheet-SwiftTests */,
				5725DE6D1A0415CD00343E5F /* Products */,
			);
			sourceTree = "<group>";
		};
		5725DE6D1A0415CD00343E5F /* Products */ = {
			isa = PBXGroup;
			children = (
				5725DE6C1A0415CD00343E5F /* CharSheet-Swift.app */,
				5725DE861A0415CD00343E5F /* CharSheet-SwiftTests.xctest */,
			);
			name = Products;
			sourceTree = "<group>";
		};
		5725DE6E1A0415CD00343E5F /* CharSheet-Swift */ = {
			isa = PBXGroup;
			children = (
				5725DE711A0415CD00343E5F /* AppDelegate.swift */,
				5725DE761A0415CD00343E5F /* MasterViewController.swift */,
				5725DE781A0415CD00343E5F /* DetailViewController.swift */,
				5725DE7A1A0415CD00343E5F /* Main.storyboard */,
				5725DE7D1A0415CD00343E5F /* Images.xcassets */,
				5725DE7F1A0415CD00343E5F /* LaunchScreen.xib */,
				5725DE731A0415CD00343E5F /* CharSheet_Swift.xcdatamodeld */,
				5725DE6F1A0415CD00343E5F /* Supporting Files */,
			);
			path = "CharSheet-Swift";
			sourceTree = "<group>";
		};
		5725DE6F1A0415CD00343E5F /* Supporting Files */ = {
			isa = PBXGroup;
			children = (
				5725DE701A0415CD00343E5F /* Info.plist */,
			);
			name = "Supporting Files";
			sourceTree = "<group>";
		};
		5725DE891A0415CD00343E5F /* CharSheet-SwiftTests */ = {
			isa = PBXGroup;
			children = (
				5725DE8C1A0415CD00343E5F /* CharSheet_SwiftTests.swift */,
				5725DE8A1A0415CD00343E5F /* Supporting Files */,
			);
			path = "CharSheet-SwiftTests";
			sourceTree = "<group>";
		};
		5725DE8A1A0415CD00343E5F /* Supporting Files */ = {
			isa = PBXGroup;
			children = (
				5725DE8B1A0415CD00343E5F /* Info.plist */,
			);
			name = "Supporting Files";
			sourceTree = "<group>";
		};
/* End PBXGroup section */

/* Begin PBXNativeTarget section */
		5725DE6B1A0415CD00343E5F /* CharSheet-Swift */ = {
			isa = PBXNativeTarget;
			buildConfigurationList = 5725DE901A0415CD00343E5F /* Build configuration list for PBXNativeTarget "CharSheet-Swift" */;
			buildPhases = (
				5725DE681A0415CD00343E5F /* Sources */,
				5725DE691A0415CD00343E5F /* Frameworks */,
				5725DE6A1A0415CD00343E5F /* Resources */,
			);
			buildRules = (
			);
			dependencies = (
			);
			name = "CharSheet-Swift";
			productName = "CharSheet-Swift";
			productReference = 5725DE6C1A0415CD00343E5F /* CharSheet-Swift.app */;
			productType = "com.apple.product-type.application";
		};
		5725DE851A0415CD00343E5F /* CharSheet-SwiftTests */ = {
			isa = PBXNativeTarget;
			buildConfigurationList = 5725DE931A0415CD00343E5F /* Build configuration list for PBXNativeTarget "CharSheet-SwiftTests" */;
			buildPhases = (
				5725DE821A0415CD00343E5F /* Sources */,
				5725DE831A0415CD00343E5F /* Frameworks */,
				5725DE841A0415CD00343E5F /* Resources */,
			);
			buildRules = (
			);
			dependencies = (
				5725DE881A0415CD00343E5F /* PBXTargetDependency */,
			);
			name = "CharSheet-SwiftTests";
			productName = "CharSheet-SwiftTests";
			productReference = 5725DE861A0415CD00343E5F /* CharSheet-SwiftTests.xctest */;
			productType = "com.apple.product-type.bundle.unit-test";
		};
/* End PBXNativeTarget section */

/* Begin PBXProject section */
		5725DE641A0415CC00343E5F /* Project object */ = {
			isa = PBXProject;
			attributes = {
				LastUpgradeCheck = 0610;
				ORGANIZATIONNAME = "Patrick Wallace";
				TargetAttributes = {
					5725DE6B1A0415CD00343E5F = {
						CreatedOnToolsVersion = 6.1;
					};
					5725DE851A0415CD00343E5F = {
						CreatedOnToolsVersion = 6.1;
						TestTargetID = 5725DE6B1A0415CD00343E5F;
					};
				};
			};
			buildConfigurationList = 5725DE671A0415CC00343E5F /* Build configuration list for PBXProject "CharSheet-Swift" */;
			compatibilityVersion = "Xcode 3.2";
			developmentRegion = English;
			hasScannedForEncodings = 0;
			knownRegions = (
				en,
				Base,
			);
			mainGroup = 5725DE631A0415CC00343E5F;
			productRefGroup = 5725DE6D1A0415CD00343E5F /* Products */;
			projectDirPath = "";
			projectRoot = "";
			targets = (
				5725DE6B1A0415CD00343E5F /* CharSheet-Swift */,
				5725DE851A0415CD00343E5F /* CharSheet-SwiftTests */,
			);
		};
/* End PBXProject section */

/* Begin PBXResourcesBuildPhase section */
		5725DE6A1A0415CD00343E5F /* Resources */ = {
			isa = PBXResourcesBuildPhase;
			buildActionMask = 2147483647;
			files = (
				5725DE7C1A0415CD00343E5F /* Main.storyboard in Resources */,
				5725DE811A0415CD00343E5F /* LaunchScreen.xib in Resources */,
				5725DE7E1A0415CD00343E5F /* Images.xcassets in Resources */,
			);
			runOnlyForDeploymentPostprocessing = 0;
		};
		5725DE841A0415CD00343E5F /* Resources */ = {
			isa = PBXResourcesBuildPhase;
			buildActionMask = 2147483647;
			files = (
			);
			runOnlyForDeploymentPostprocessing = 0;
		};
/* End PBXResourcesBuildPhase section */

/* Begin PBXSourcesBuildPhase section */
		5725DE681A0415CD00343E5F /* Sources */ = {
			isa = PBXSourcesBuildPhase;
			buildActionMask = 2147483647;
			files = (
				5725DE721A0415CD00343E5F /* AppDelegate.swift in Sources */,
				5725DE751A0415CD00343E5F /* CharSheet_Swift.xcdatamodeld in Sources */,
				5725DE771A0415CD00343E5F /* MasterViewController.swift in Sources */,
				5725DE791A0415CD00343E5F /* DetailViewController.swift in Sources */,
			);
			runOnlyForDeploymentPostprocessing = 0;
		};
		5725DE821A0415CD00343E5F /* Sources */ = {
			isa = PBXSourcesBuildPhase;
			buildActionMask = 2147483647;
			files = (
				5725DE8D1A0415CD00343E5F /* CharSheet_SwiftTests.swift in Sources */,
			);
			runOnlyForDeploymentPostprocessing = 0;
		};
/* End PBXSourcesBuildPhase section */

/* Begin PBXTargetDependency section */
		5725DE881A0415CD00343E5F /* PBXTargetDependency */ = {
			isa = PBXTargetDependency;
			target = 5725DE6B1A0415CD00343E5F /* CharSheet-Swift */;
			targetProxy = 5725DE871A0415CD00343E5F /* PBXContainerItemProxy */;
		};
/* End PBXTargetDependency section */

/* Begin PBXVariantGroup section */
		5725DE7A1A0415CD00343E5F /* Main.storyboard */ = {
			isa = PBXVariantGroup;
			children = (
				5725DE7B1A0415CD00343E5F /* Base */,
			);
			name = Main.storyboard;
			sourceTree = "<group>";
		};
		5725DE7F1A0415CD00343E5F /* LaunchScreen.xib */ = {
			isa = PBXVariantGroup;
			children = (
				5725DE801A0415CD00343E5F /* Base */,
			);
			name = LaunchScreen.xib;
			sourceTree = "<group>";
		};
/* End PBXVariantGroup section */

/* Begin XCBuildConfiguration section */
		5725DE8E1A0415CD00343E5F /* Debug */ = {
			isa = XCBuildConfiguration;
			buildSettings = {
				ALWAYS_SEARCH_USER_PATHS = NO;
				CLANG_CXX_LANGUAGE_STANDARD = "gnu++0x";
				CLANG_CXX_LIBRARY = "libc++";
				CLANG_ENABLE_MODULES = YES;
				CLANG_ENABLE_OBJC_ARC = YES;
				CLANG_WARN_BOOL_CONVERSION = YES;
				CLANG_WARN_CONSTANT_CONVERSION = YES;
				CLANG_WARN_DIRECT_OBJC_ISA_USAGE = YES_ERROR;
				CLANG_WARN_EMPTY_BODY = YES;
				CLANG_WARN_ENUM_CONVERSION = YES;
				CLANG_WARN_INT_CONVERSION = YES;
				CLANG_WARN_OBJC_ROOT_CLASS = YES_ERROR;
				CLANG_WARN_UNREACHABLE_CODE = YES;
				CLANG_WARN__DUPLICATE_METHOD_MATCH = YES;
				"CODE_SIGN_IDENTITY[sdk=iphoneos*]" = "iPhone Developer";
				COPY_PHASE_STRIP = NO;
				ENABLE_STRICT_OBJC_MSGSEND = YES;
				GCC_C_LANGUAGE_STANDARD = gnu99;
				GCC_DYNAMIC_NO_PIC = NO;
				GCC_OPTIMIZATION_LEVEL = 0;
				GCC_PREPROCESSOR_DEFINITIONS = (
					"DEBUG=1",
					"$(inherited)",
				);
				GCC_SYMBOLS_PRIVATE_EXTERN = NO;
				GCC_WARN_64_TO_32_BIT_CONVERSION = YES;
				GCC_WARN_ABOUT_RETURN_TYPE = YES_ERROR;
				GCC_WARN_UNDECLARED_SELECTOR = YES;
				GCC_WARN_UNINITIALIZED_AUTOS = YES_AGGRESSIVE;
				GCC_WARN_UNUSED_FUNCTION = YES;
				GCC_WARN_UNUSED_VARIABLE = YES;
				IPHONEOS_DEPLOYMENT_TARGET = 8.1;
				MTL_ENABLE_DEBUG_INFO = YES;
				ONLY_ACTIVE_ARCH = YES;
				SDKROOT = iphoneos;
				SWIFT_OPTIMIZATION_LEVEL = "-Onone";
				TARGETED_DEVICE_FAMILY = 2;
			};
			name = Debug;
		};
		5725DE8F1A0415CD00343E5F /* Release */ = {
			isa = XCBuildConfiguration;
			buildSettings = {
				ALWAYS_SEARCH_USER_PATHS = NO;
				CLANG_CXX_LANGUAGE_STANDARD = "gnu++0x";
				CLANG_CXX_LIBRARY = "libc++";
				CLANG_ENABLE_MODULES = YES;
				CLANG_ENABLE_OBJC_ARC = YES;
				CLANG_WARN_BOOL_CONVERSION = YES;
				CLANG_WARN_CONSTANT_CONVERSION = YES;
				CLANG_WARN_DIRECT_OBJC_ISA_USAGE = YES_ERROR;
				CLANG_WARN_EMPTY_BODY = YES;
				CLANG_WARN_ENUM_CONVERSION = YES;
				CLANG_WARN_INT_CONVERSION = YES;
				CLANG_WARN_OBJC_ROOT_CLASS = YES_ERROR;
				CLANG_WARN_UNREACHABLE_CODE = YES;
				CLANG_WARN__DUPLICATE_METHOD_MATCH = YES;
				"CODE_SIGN_IDENTITY[sdk=iphoneos*]" = "iPhone Developer";
				COPY_PHASE_STRIP = YES;
				ENABLE_NS_ASSERTIONS = NO;
				ENABLE_STRICT_OBJC_MSGSEND = YES;
				GCC_C_LANGUAGE_STANDARD = gnu99;
				GCC_WARN_64_TO_32_BIT_CONVERSION = YES;
				GCC_WARN_ABOUT_RETURN_TYPE = YES_ERROR;
				GCC_WARN_UNDECLARED_SELECTOR = YES;
				GCC_WARN_UNINITIALIZED_AUTOS = YES_AGGRESSIVE;
				GCC_WARN_UNUSED_FUNCTION = YES;
				GCC_WARN_UNUSED_VARIABLE = YES;
				IPHONEOS_DEPLOYMENT_TARGET = 8.1;
				MTL_ENABLE_DEBUG_INFO = NO;
				SDKROOT = iphoneos;
				TARGETED_DEVICE_FAMILY = 2;
				VALIDATE_PRODUCT = YES;
			};
			name = Release;
		};
		5725DE911A0415CD00343E5F /* Debug */ = {
			isa = XCBuildConfiguration;
			buildSettings = {
				ASSETCATALOG_COMPILER_APPICON_NAME = AppIcon;
				INFOPLIST_FILE = "CharSheet-Swift/Info.plist";
				LD_RUNPATH_SEARCH_PATHS = "$(inherited) @executable_path/Frameworks";
				PRODUCT_NAME = "$(TARGET_NAME)";
			};
			name = Debug;
		};
		5725DE921A0415CD00343E5F /* Release */ = {
			isa = XCBuildConfiguration;
			buildSettings = {
				ASSETCATALOG_COMPILER_APPICON_NAME = AppIcon;
				INFOPLIST_FILE = "CharSheet-Swift/Info.plist";
				LD_RUNPATH_SEARCH_PATHS = "$(inherited) @executable_path/Frameworks";
				PRODUCT_NAME = "$(TARGET_NAME)";
			};
			name = Release;
		};
		5725DE941A0415CD00343E5F /* Debug */ = {
			isa = XCBuildConfiguration;
			buildSettings = {
				BUNDLE_LOADER = "$(TEST_HOST)";
				FRAMEWORK_SEARCH_PATHS = (
					"$(SDKROOT)/Developer/Library/Frameworks",
					"$(inherited)",
				);
				GCC_PREPROCESSOR_DEFINITIONS = (
					"DEBUG=1",
					"$(inherited)",
				);
				INFOPLIST_FILE = "CharSheet-SwiftTests/Info.plist";
				LD_RUNPATH_SEARCH_PATHS = "$(inherited) @executable_path/Frameworks @loader_path/Frameworks";
				PRODUCT_NAME = "$(TARGET_NAME)";
				TEST_HOST = "$(BUILT_PRODUCTS_DIR)/CharSheet-Swift.app/CharSheet-Swift";
			};
			name = Debug;
		};
		5725DE951A0415CD00343E5F /* Release */ = {
			isa = XCBuildConfiguration;
			buildSettings = {
				BUNDLE_LOADER = "$(TEST_HOST)";
				FRAMEWORK_SEARCH_PATHS = (
					"$(SDKROOT)/Developer/Library/Frameworks",
					"$(inherited)",
				);
				INFOPLIST_FILE = "CharSheet-SwiftTests/Info.plist";
				LD_RUNPATH_SEARCH_PATHS = "$(inherited) @executable_path/Frameworks @loader_path/Frameworks";
				PRODUCT_NAME = "$(TARGET_NAME)";
				TEST_HOST = "$(BUILT_PRODUCTS_DIR)/CharSheet-Swift.app/CharSheet-Swift";
			};
			name = Release;
		};
/* End XCBuildConfiguration section */

/* Begin XCConfigurationList section */
		5725DE671A0415CC00343E5F /* Build configuration list for PBXProject "CharSheet-Swift" */ = {
			isa = XCConfigurationList;
			buildConfigurations = (
				5725DE8E1A0415CD00343E5F /* Debug */,
				5725DE8F1A0415CD00343E5F /* Release */,
			);
			defaultConfigurationIsVisible = 0;
			defaultConfigurationName = Release;
		};
		5725DE901A0415CD00343E5F /* Build configuration list for PBXNativeTarget "CharSheet-Swift" */ = {
			isa = XCConfigurationList;
			buildConfigurations = (
				5725DE911A0415CD00343E5F /* Debug */,
				5725DE921A0415CD00343E5F /* Release */,
			);
			defaultConfigurationIsVisible = 0;
		};
		5725DE931A0415CD00343E5F /* Build configuration list for PBXNativeTarget "CharSheet-SwiftTests" */ = {
			isa = XCConfigurationList;
			buildConfigurations = (
				5725DE941A0415CD00343E5F /* Debug */,
				5725DE951A0415CD00343E5F /* Release */,
			);
			defaultConfigurationIsVisible = 0;
		};
/* End XCConfigurationList section */

/* Begin XCVersionGroup section */
		5725DE731A0415CD00343E5F /* CharSheet_Swift.xcdatamodeld */ = {
			isa = XCVersionGroup;
			children = (
				5725DE741A0415CD00343E5F /* CharSheet_Swift.xcdatamodel */,
			);
			currentVersion = 5725DE741A0415CD00343E5F /* CharSheet_Swift.xcdatamodel */;
			path = CharSheet_Swift.xcdatamodeld;
			sourceTree = "<group>";
			versionGroupType = wrapper.xcdatamodel;
		};
/* End XCVersionGroup section */
	};
	rootObject = 5725DE641A0415CC00343E5F /* Project object */;
}
