// !$*UTF8*$!
{
	archiveVersion = 1;
	classes = {
	};
	objectVersion = 46;
	objects = {

/* Begin PBXBuildFile section */
		5725DE721A0415CD00343E5F /* AppDelegate.swift in Sources */ = {isa = PBXBuildFile; fileRef = 5725DE711A0415CD00343E5F /* AppDelegate.swift */; };
		5725DE771A0415CD00343E5F /* MasterViewController.swift in Sources */ = {isa = PBXBuildFile; fileRef = 5725DE761A0415CD00343E5F /* MasterViewController.swift */; };
		5725DE791A0415CD00343E5F /* DetailViewController.swift in Sources */ = {isa = PBXBuildFile; fileRef = 5725DE781A0415CD00343E5F /* DetailViewController.swift */; };
		5725DE7E1A0415CD00343E5F /* Images.xcassets in Resources */ = {isa = PBXBuildFile; fileRef = 5725DE7D1A0415CD00343E5F /* Images.xcassets */; };
		5725DE811A0415CD00343E5F /* LaunchScreen.xib in Resources */ = {isa = PBXBuildFile; fileRef = 5725DE7F1A0415CD00343E5F /* LaunchScreen.xib */; };
		5725DEA91A046FF800343E5F /* DDXMLElementAdditions.m in Sources */ = {isa = PBXBuildFile; fileRef = 5725DE9C1A046FF800343E5F /* DDXMLElementAdditions.m */; };
		5725DEAA1A046FF800343E5F /* NSString+DDXML.m in Sources */ = {isa = PBXBuildFile; fileRef = 5725DE9F1A046FF800343E5F /* NSString+DDXML.m */; };
		5725DEAB1A046FF800343E5F /* DDXMLDocument.m in Sources */ = {isa = PBXBuildFile; fileRef = 5725DEA21A046FF800343E5F /* DDXMLDocument.m */; };
		5725DEAC1A046FF800343E5F /* DDXMLElement.m in Sources */ = {isa = PBXBuildFile; fileRef = 5725DEA41A046FF800343E5F /* DDXMLElement.m */; };
		5725DEAD1A046FF800343E5F /* DDXMLNode.m in Sources */ = {isa = PBXBuildFile; fileRef = 5725DEA61A046FF800343E5F /* DDXMLNode.m */; };
		5725DEAF1A04703900343E5F /* libxml2.dylib in Frameworks */ = {isa = PBXBuildFile; fileRef = 5725DEAE1A04703900343E5F /* libxml2.dylib */; };
		5725DEB71A0473EC00343E5F /* CharSheet.swift in Sources */ = {isa = PBXBuildFile; fileRef = 5725DEB01A0473EC00343E5F /* CharSheet.swift */; };
		5725DEC01A047D5100343E5F /* XMLSupport.swift in Sources */ = {isa = PBXBuildFile; fileRef = 5725DEBF1A047D5100343E5F /* XMLSupport.swift */; };
		5725DEC31A0493F100343E5F /* Misc.swift in Sources */ = {isa = PBXBuildFile; fileRef = 5725DEC21A0493F100343E5F /* Misc.swift */; };
		5725DEC41A04A1D000343E5F /* Skill.swift in Sources */ = {isa = PBXBuildFile; fileRef = 5725DEB31A0473EC00343E5F /* Skill.swift */; };
		5725DEC51A04AFF800343E5F /* Specialty.swift in Sources */ = {isa = PBXBuildFile; fileRef = 5725DEB41A0473EC00343E5F /* Specialty.swift */; };
		5725DEC61A04E30F00343E5F /* LogEntry.swift in Sources */ = {isa = PBXBuildFile; fileRef = 5725DEB21A0473EC00343E5F /* LogEntry.swift */; };
		5725DEC71A04E95A00343E5F /* XPGain.swift in Sources */ = {isa = PBXBuildFile; fileRef = 5725DEB61A0473EC00343E5F /* XPGain.swift */; };
		5725DEC81A07679900343E5F /* DieRoll.swift in Sources */ = {isa = PBXBuildFile; fileRef = 5725DEB11A0473EC00343E5F /* DieRoll.swift */; };
		5725DECA1A07878600343E5F /* MutableSet.swift in Sources */ = {isa = PBXBuildFile; fileRef = 5725DEC91A07878600343E5F /* MutableSet.swift */; };
		5725DED81A07935A00343E5F /* TicksView.swift in Sources */ = {isa = PBXBuildFile; fileRef = 5725DED71A07935A00343E5F /* TicksView.swift */; };
		5755E1B81B432FF600E466D4 /* Result.swift in Sources */ = {isa = PBXBuildFile; fileRef = 5755E1B71B432FF600E466D4 /* Result.swift */; };
		5755E1BA1B43439D00E466D4 /* XMLExtensions.swift in Sources */ = {isa = PBXBuildFile; fileRef = 5755E1B91B43439D00E466D4 /* XMLExtensions.swift */; };
		577A81A71A07C73600DA1EC8 /* EditSkillCellView.xib in Resources */ = {isa = PBXBuildFile; fileRef = 577A81A41A07C73600DA1EC8 /* EditSkillCellView.xib */; };
		577A81A81A07C73600DA1EC8 /* SkillSelectView.xib in Resources */ = {isa = PBXBuildFile; fileRef = 577A81A51A07C73600DA1EC8 /* SkillSelectView.xib */; };
		577A81A91A07C73600DA1EC8 /* UseSkillCellView.xib in Resources */ = {isa = PBXBuildFile; fileRef = 577A81A61A07C73600DA1EC8 /* UseSkillCellView.xib */; };
		577A81B21A07C8F900DA1EC8 /* ActionSheet.swift in Sources */ = {isa = PBXBuildFile; fileRef = 577A81AB1A07C8F900DA1EC8 /* ActionSheet.swift */; };
		577A81B31A07C8F900DA1EC8 /* CharSheetUseControl.swift in Sources */ = {isa = PBXBuildFile; fileRef = 577A81AC1A07C8F900DA1EC8 /* CharSheetUseControl.swift */; };
		577A81B41A07C8F900DA1EC8 /* EditSkillCell.swift in Sources */ = {isa = PBXBuildFile; fileRef = 577A81AD1A07C8F900DA1EC8 /* EditSkillCell.swift */; };
		577A81B51A07C8F900DA1EC8 /* StoryboardManager.swift in Sources */ = {isa = PBXBuildFile; fileRef = 577A81AE1A07C8F900DA1EC8 /* StoryboardManager.swift */; };
		577A81B61A07C8F900DA1EC8 /* StrictGridLayout.swift in Sources */ = {isa = PBXBuildFile; fileRef = 577A81AF1A07C8F900DA1EC8 /* StrictGridLayout.swift */; };
		577A81B71A07C8F900DA1EC8 /* UseSkillCell.swift in Sources */ = {isa = PBXBuildFile; fileRef = 577A81B01A07C8F900DA1EC8 /* UseSkillCell.swift */; };
		577A81B81A07C8F900DA1EC8 /* UseStatLabel.swift in Sources */ = {isa = PBXBuildFile; fileRef = 577A81B11A07C8F900DA1EC8 /* UseStatLabel.swift */; };
		577A81C51A08CFD700DA1EC8 /* CharSheetEditViewController.swift in Sources */ = {isa = PBXBuildFile; fileRef = 577A81B91A08CFD700DA1EC8 /* CharSheetEditViewController.swift */; };
		577A81C61A08CFD700DA1EC8 /* CharSheetUseViewController.swift in Sources */ = {isa = PBXBuildFile; fileRef = 577A81BA1A08CFD700DA1EC8 /* CharSheetUseViewController.swift */; };
		577A81C71A08CFD700DA1EC8 /* DieRollResultViewController.swift in Sources */ = {isa = PBXBuildFile; fileRef = 577A81BB1A08CFD700DA1EC8 /* DieRollResultViewController.swift */; };
		577A81C81A08CFD700DA1EC8 /* DieRollViewController.swift in Sources */ = {isa = PBXBuildFile; fileRef = 577A81BC1A08CFD700DA1EC8 /* DieRollViewController.swift */; };
		577A81C91A08CFD700DA1EC8 /* EditNotesViewController.swift in Sources */ = {isa = PBXBuildFile; fileRef = 577A81BD1A08CFD700DA1EC8 /* EditNotesViewController.swift */; };
		577A81CA1A08CFD700DA1EC8 /* EditSkillViewController.swift in Sources */ = {isa = PBXBuildFile; fileRef = 577A81BE1A08CFD700DA1EC8 /* EditSkillViewController.swift */; };
		577A81CB1A08CFD700DA1EC8 /* EditSpecialtyViewController.swift in Sources */ = {isa = PBXBuildFile; fileRef = 577A81BF1A08CFD700DA1EC8 /* EditSpecialtyViewController.swift */; };
		577A81CC1A08CFD700DA1EC8 /* EditXPGainViewController.swift in Sources */ = {isa = PBXBuildFile; fileRef = 577A81C01A08CFD700DA1EC8 /* EditXPGainViewController.swift */; };
		577A81CD1A08CFD700DA1EC8 /* EditXPViewController.swift in Sources */ = {isa = PBXBuildFile; fileRef = 577A81C11A08CFD700DA1EC8 /* EditXPViewController.swift */; };
		577A81CE1A08CFD700DA1EC8 /* LogEntryViewController.swift in Sources */ = {isa = PBXBuildFile; fileRef = 577A81C21A08CFD700DA1EC8 /* LogEntryViewController.swift */; };
		577A81CF1A08CFD700DA1EC8 /* LogViewController.swift in Sources */ = {isa = PBXBuildFile; fileRef = 577A81C31A08CFD700DA1EC8 /* LogViewController.swift */; };
		577A81D01A08CFD700DA1EC8 /* StatSelectViewController.swift in Sources */ = {isa = PBXBuildFile; fileRef = 577A81C41A08CFD700DA1EC8 /* StatSelectViewController.swift */; };
		577A81D31A091F8B00DA1EC8 /* SkillSelectController.swift in Sources */ = {isa = PBXBuildFile; fileRef = 577A81D21A091F8B00DA1EC8 /* SkillSelectController.swift */; };
		577A81D61A0B358300DA1EC8 /* Edit.storyboard in Resources */ = {isa = PBXBuildFile; fileRef = 577A81D41A0B358300DA1EC8 /* Edit.storyboard */; };
		577A81D71A0B358300DA1EC8 /* MainUse.storyboard in Resources */ = {isa = PBXBuildFile; fileRef = 577A81D51A0B358300DA1EC8 /* MainUse.storyboard */; };
		57D635A11B448970004AAB4D /* CharSheet.xcdatamodeld in Sources */ = {isa = PBXBuildFile; fileRef = 57D6359E1B448970004AAB4D /* CharSheet.xcdatamodeld */; };
/* End PBXBuildFile section */

/* Begin PBXFileReference section */
		571133D41B4D66CA001F0210 /* Notes.md */ = {isa = PBXFileReference; lastKnownFileType = net.daringfireball.markdown; path = Notes.md; sourceTree = "<group>"; };
		5725DE6C1A0415CD00343E5F /* CharSheet.app */ = {isa = PBXFileReference; explicitFileType = wrapper.application; includeInIndex = 0; path = CharSheet.app; sourceTree = BUILT_PRODUCTS_DIR; };
		5725DE701A0415CD00343E5F /* Info.plist */ = {isa = PBXFileReference; lastKnownFileType = text.plist.xml; path = Info.plist; sourceTree = "<group>"; };
		5725DE711A0415CD00343E5F /* AppDelegate.swift */ = {isa = PBXFileReference; lastKnownFileType = sourcecode.swift; path = AppDelegate.swift; sourceTree = "<group>"; };
		5725DE761A0415CD00343E5F /* MasterViewController.swift */ = {isa = PBXFileReference; lastKnownFileType = sourcecode.swift; path = MasterViewController.swift; sourceTree = "<group>"; };
		5725DE781A0415CD00343E5F /* DetailViewController.swift */ = {isa = PBXFileReference; lastKnownFileType = sourcecode.swift; path = DetailViewController.swift; sourceTree = "<group>"; };
		5725DE7D1A0415CD00343E5F /* Images.xcassets */ = {isa = PBXFileReference; lastKnownFileType = folder.assetcatalog; path = Images.xcassets; sourceTree = "<group>"; };
		5725DE801A0415CD00343E5F /* Base */ = {isa = PBXFileReference; lastKnownFileType = file.xib; name = Base; path = Base.lproj/LaunchScreen.xib; sourceTree = "<group>"; };
		5725DE9B1A046FF800343E5F /* DDXMLElementAdditions.h */ = {isa = PBXFileReference; fileEncoding = 4; lastKnownFileType = sourcecode.c.h; path = DDXMLElementAdditions.h; sourceTree = "<group>"; };
		5725DE9C1A046FF800343E5F /* DDXMLElementAdditions.m */ = {isa = PBXFileReference; fileEncoding = 4; lastKnownFileType = sourcecode.c.objc; path = DDXMLElementAdditions.m; sourceTree = "<group>"; };
		5725DE9E1A046FF800343E5F /* NSString+DDXML.h */ = {isa = PBXFileReference; fileEncoding = 4; lastKnownFileType = sourcecode.c.h; path = "NSString+DDXML.h"; sourceTree = "<group>"; };
		5725DE9F1A046FF800343E5F /* NSString+DDXML.m */ = {isa = PBXFileReference; fileEncoding = 4; lastKnownFileType = sourcecode.c.objc; path = "NSString+DDXML.m"; sourceTree = "<group>"; };
		5725DEA01A046FF800343E5F /* DDXML.h */ = {isa = PBXFileReference; fileEncoding = 4; lastKnownFileType = sourcecode.c.h; path = DDXML.h; sourceTree = "<group>"; };
		5725DEA11A046FF800343E5F /* DDXMLDocument.h */ = {isa = PBXFileReference; fileEncoding = 4; lastKnownFileType = sourcecode.c.h; path = DDXMLDocument.h; sourceTree = "<group>"; };
		5725DEA21A046FF800343E5F /* DDXMLDocument.m */ = {isa = PBXFileReference; fileEncoding = 4; lastKnownFileType = sourcecode.c.objc; path = DDXMLDocument.m; sourceTree = "<group>"; };
		5725DEA31A046FF800343E5F /* DDXMLElement.h */ = {isa = PBXFileReference; fileEncoding = 4; lastKnownFileType = sourcecode.c.h; path = DDXMLElement.h; sourceTree = "<group>"; };
		5725DEA41A046FF800343E5F /* DDXMLElement.m */ = {isa = PBXFileReference; fileEncoding = 4; lastKnownFileType = sourcecode.c.objc; path = DDXMLElement.m; sourceTree = "<group>"; };
		5725DEA51A046FF800343E5F /* DDXMLNode.h */ = {isa = PBXFileReference; fileEncoding = 4; lastKnownFileType = sourcecode.c.h; path = DDXMLNode.h; sourceTree = "<group>"; };
		5725DEA61A046FF800343E5F /* DDXMLNode.m */ = {isa = PBXFileReference; fileEncoding = 4; lastKnownFileType = sourcecode.c.objc; path = DDXMLNode.m; sourceTree = "<group>"; };
		5725DEA81A046FF800343E5F /* DDXMLPrivate.h */ = {isa = PBXFileReference; fileEncoding = 4; lastKnownFileType = sourcecode.c.h; path = DDXMLPrivate.h; sourceTree = "<group>"; };
		5725DEAE1A04703900343E5F /* libxml2.dylib */ = {isa = PBXFileReference; lastKnownFileType = "compiled.mach-o.dylib"; name = libxml2.dylib; path = usr/lib/libxml2.dylib; sourceTree = SDKROOT; };
		5725DEB01A0473EC00343E5F /* CharSheet.swift */ = {isa = PBXFileReference; fileEncoding = 4; lastKnownFileType = sourcecode.swift; path = CharSheet.swift; sourceTree = "<group>"; };
		5725DEB11A0473EC00343E5F /* DieRoll.swift */ = {isa = PBXFileReference; fileEncoding = 4; lastKnownFileType = sourcecode.swift; path = DieRoll.swift; sourceTree = "<group>"; };
		5725DEB21A0473EC00343E5F /* LogEntry.swift */ = {isa = PBXFileReference; fileEncoding = 4; lastKnownFileType = sourcecode.swift; path = LogEntry.swift; sourceTree = "<group>"; };
		5725DEB31A0473EC00343E5F /* Skill.swift */ = {isa = PBXFileReference; fileEncoding = 4; lastKnownFileType = sourcecode.swift; path = Skill.swift; sourceTree = "<group>"; };
		5725DEB41A0473EC00343E5F /* Specialty.swift */ = {isa = PBXFileReference; fileEncoding = 4; lastKnownFileType = sourcecode.swift; path = Specialty.swift; sourceTree = "<group>"; };
		5725DEB61A0473EC00343E5F /* XPGain.swift */ = {isa = PBXFileReference; fileEncoding = 4; lastKnownFileType = sourcecode.swift; path = XPGain.swift; sourceTree = "<group>"; };
		5725DEBF1A047D5100343E5F /* XMLSupport.swift */ = {isa = PBXFileReference; fileEncoding = 4; lastKnownFileType = sourcecode.swift; path = XMLSupport.swift; sourceTree = "<group>"; };
		5725DEC11A047F3500343E5F /* Bridging_Header.h */ = {isa = PBXFileReference; lastKnownFileType = sourcecode.c.h; name = Bridging_Header.h; path = ../Bridging_Header.h; sourceTree = "<group>"; };
		5725DEC21A0493F100343E5F /* Misc.swift */ = {isa = PBXFileReference; fileEncoding = 4; lastKnownFileType = sourcecode.swift; path = Misc.swift; sourceTree = "<group>"; };
		5725DEC91A07878600343E5F /* MutableSet.swift */ = {isa = PBXFileReference; fileEncoding = 4; lastKnownFileType = sourcecode.swift; path = MutableSet.swift; sourceTree = "<group>"; };
		5725DED71A07935A00343E5F /* TicksView.swift */ = {isa = PBXFileReference; fileEncoding = 4; lastKnownFileType = sourcecode.swift; path = TicksView.swift; sourceTree = "<group>"; };
		5755E1B71B432FF600E466D4 /* Result.swift */ = {isa = PBXFileReference; fileEncoding = 4; lastKnownFileType = sourcecode.swift; path = Result.swift; sourceTree = "<group>"; };
		5755E1B91B43439D00E466D4 /* XMLExtensions.swift */ = {isa = PBXFileReference; fileEncoding = 4; lastKnownFileType = sourcecode.swift; path = XMLExtensions.swift; sourceTree = "<group>"; };
		577A81A41A07C73600DA1EC8 /* EditSkillCellView.xib */ = {isa = PBXFileReference; fileEncoding = 4; lastKnownFileType = file.xib; path = EditSkillCellView.xib; sourceTree = "<group>"; };
		577A81A51A07C73600DA1EC8 /* SkillSelectView.xib */ = {isa = PBXFileReference; fileEncoding = 4; lastKnownFileType = file.xib; path = SkillSelectView.xib; sourceTree = "<group>"; };
		577A81A61A07C73600DA1EC8 /* UseSkillCellView.xib */ = {isa = PBXFileReference; fileEncoding = 4; lastKnownFileType = file.xib; path = UseSkillCellView.xib; sourceTree = "<group>"; };
		577A81AB1A07C8F900DA1EC8 /* ActionSheet.swift */ = {isa = PBXFileReference; fileEncoding = 4; lastKnownFileType = sourcecode.swift; path = ActionSheet.swift; sourceTree = "<group>"; };
		577A81AC1A07C8F900DA1EC8 /* CharSheetUseControl.swift */ = {isa = PBXFileReference; fileEncoding = 4; lastKnownFileType = sourcecode.swift; path = CharSheetUseControl.swift; sourceTree = "<group>"; };
		577A81AD1A07C8F900DA1EC8 /* EditSkillCell.swift */ = {isa = PBXFileReference; fileEncoding = 4; lastKnownFileType = sourcecode.swift; path = EditSkillCell.swift; sourceTree = "<group>"; };
		577A81AE1A07C8F900DA1EC8 /* StoryboardManager.swift */ = {isa = PBXFileReference; fileEncoding = 4; lastKnownFileType = sourcecode.swift; path = StoryboardManager.swift; sourceTree = "<group>"; };
		577A81AF1A07C8F900DA1EC8 /* StrictGridLayout.swift */ = {isa = PBXFileReference; fileEncoding = 4; lastKnownFileType = sourcecode.swift; path = StrictGridLayout.swift; sourceTree = "<group>"; };
		577A81B01A07C8F900DA1EC8 /* UseSkillCell.swift */ = {isa = PBXFileReference; fileEncoding = 4; lastKnownFileType = sourcecode.swift; path = UseSkillCell.swift; sourceTree = "<group>"; };
		577A81B11A07C8F900DA1EC8 /* UseStatLabel.swift */ = {isa = PBXFileReference; fileEncoding = 4; lastKnownFileType = sourcecode.swift; path = UseStatLabel.swift; sourceTree = "<group>"; };
		577A81B91A08CFD700DA1EC8 /* CharSheetEditViewController.swift */ = {isa = PBXFileReference; fileEncoding = 4; lastKnownFileType = sourcecode.swift; path = CharSheetEditViewController.swift; sourceTree = "<group>"; };
		577A81BA1A08CFD700DA1EC8 /* CharSheetUseViewController.swift */ = {isa = PBXFileReference; fileEncoding = 4; lastKnownFileType = sourcecode.swift; path = CharSheetUseViewController.swift; sourceTree = "<group>"; };
		577A81BB1A08CFD700DA1EC8 /* DieRollResultViewController.swift */ = {isa = PBXFileReference; fileEncoding = 4; lastKnownFileType = sourcecode.swift; path = DieRollResultViewController.swift; sourceTree = "<group>"; };
		577A81BC1A08CFD700DA1EC8 /* DieRollViewController.swift */ = {isa = PBXFileReference; fileEncoding = 4; lastKnownFileType = sourcecode.swift; path = DieRollViewController.swift; sourceTree = "<group>"; };
		577A81BD1A08CFD700DA1EC8 /* EditNotesViewController.swift */ = {isa = PBXFileReference; fileEncoding = 4; lastKnownFileType = sourcecode.swift; path = EditNotesViewController.swift; sourceTree = "<group>"; };
		577A81BE1A08CFD700DA1EC8 /* EditSkillViewController.swift */ = {isa = PBXFileReference; fileEncoding = 4; lastKnownFileType = sourcecode.swift; path = EditSkillViewController.swift; sourceTree = "<group>"; };
		577A81BF1A08CFD700DA1EC8 /* EditSpecialtyViewController.swift */ = {isa = PBXFileReference; fileEncoding = 4; lastKnownFileType = sourcecode.swift; path = EditSpecialtyViewController.swift; sourceTree = "<group>"; };
		577A81C01A08CFD700DA1EC8 /* EditXPGainViewController.swift */ = {isa = PBXFileReference; fileEncoding = 4; lastKnownFileType = sourcecode.swift; path = EditXPGainViewController.swift; sourceTree = "<group>"; };
		577A81C11A08CFD700DA1EC8 /* EditXPViewController.swift */ = {isa = PBXFileReference; fileEncoding = 4; lastKnownFileType = sourcecode.swift; path = EditXPViewController.swift; sourceTree = "<group>"; };
		577A81C21A08CFD700DA1EC8 /* LogEntryViewController.swift */ = {isa = PBXFileReference; fileEncoding = 4; lastKnownFileType = sourcecode.swift; path = LogEntryViewController.swift; sourceTree = "<group>"; };
		577A81C31A08CFD700DA1EC8 /* LogViewController.swift */ = {isa = PBXFileReference; fileEncoding = 4; lastKnownFileType = sourcecode.swift; path = LogViewController.swift; sourceTree = "<group>"; };
		577A81C41A08CFD700DA1EC8 /* StatSelectViewController.swift */ = {isa = PBXFileReference; fileEncoding = 4; lastKnownFileType = sourcecode.swift; path = StatSelectViewController.swift; sourceTree = "<group>"; };
		577A81D21A091F8B00DA1EC8 /* SkillSelectController.swift */ = {isa = PBXFileReference; fileEncoding = 4; lastKnownFileType = sourcecode.swift; path = SkillSelectController.swift; sourceTree = "<group>"; };
		577A81D41A0B358300DA1EC8 /* Edit.storyboard */ = {isa = PBXFileReference; fileEncoding = 4; lastKnownFileType = file.storyboard; path = Edit.storyboard; sourceTree = "<group>"; };
		577A81D51A0B358300DA1EC8 /* MainUse.storyboard */ = {isa = PBXFileReference; fileEncoding = 4; lastKnownFileType = file.storyboard; path = MainUse.storyboard; sourceTree = "<group>"; };
		57D6359F1B448970004AAB4D /* CharSheet 2.xcdatamodel */ = {isa = PBXFileReference; lastKnownFileType = wrapper.xcdatamodel; path = "CharSheet 2.xcdatamodel"; sourceTree = "<group>"; };
		57D635A01B448970004AAB4D /* CharSheet.xcdatamodel */ = {isa = PBXFileReference; lastKnownFileType = wrapper.xcdatamodel; path = CharSheet.xcdatamodel; sourceTree = "<group>"; };
/* End PBXFileReference section */

/* Begin PBXFrameworksBuildPhase section */
		5725DE691A0415CD00343E5F /* Frameworks */ = {
			isa = PBXFrameworksBuildPhase;
			buildActionMask = 2147483647;
			files = (
				5725DEAF1A04703900343E5F /* libxml2.dylib in Frameworks */,
			);
			runOnlyForDeploymentPostprocessing = 0;
		};
/* End PBXFrameworksBuildPhase section */

/* Begin PBXGroup section */
		5725DE631A0415CC00343E5F = {
			isa = PBXGroup;
			children = (
				571133D41B4D66CA001F0210 /* Notes.md */,
				5725DEAE1A04703900343E5F /* libxml2.dylib */,
				5725DE991A046FF800343E5F /* KissXML */,
				5725DE6E1A0415CD00343E5F /* CharSheet-Swift */,
				5725DE6D1A0415CD00343E5F /* Products */,
			);
			sourceTree = "<group>";
		};
		5725DE6D1A0415CD00343E5F /* Products */ = {
			isa = PBXGroup;
			children = (
				5725DE6C1A0415CD00343E5F /* CharSheet.app */,
			);
			name = Products;
			sourceTree = "<group>";
		};
		5725DE6E1A0415CD00343E5F /* CharSheet-Swift */ = {
			isa = PBXGroup;
			children = (
				577A81D11A08CFEC00DA1EC8 /* Controllers */,
				577A81AA1A07C74F00DA1EC8 /* Views */,
				5725DE711A0415CD00343E5F /* AppDelegate.swift */,
				5725DEC11A047F3500343E5F /* Bridging_Header.h */,
				5755E1B71B432FF600E466D4 /* Result.swift */,
				577A81AE1A07C8F900DA1EC8 /* StoryboardManager.swift */,
				5755E1B91B43439D00E466D4 /* XMLExtensions.swift */,
				5725DEBE1A04740A00343E5F /* Model */,
				5725DE7D1A0415CD00343E5F /* Images.xcassets */,
				5725DE6F1A0415CD00343E5F /* Supporting Files */,
			);
			path = "CharSheet-Swift";
			sourceTree = "<group>";
		};
		5725DE6F1A0415CD00343E5F /* Supporting Files */ = {
			isa = PBXGroup;
			children = (
				5725DE701A0415CD00343E5F /* Info.plist */,
			);
			name = "Supporting Files";
			sourceTree = "<group>";
		};
		5725DE991A046FF800343E5F /* KissXML */ = {
			isa = PBXGroup;
			children = (
				5725DE9A1A046FF800343E5F /* Additions */,
				5725DE9D1A046FF800343E5F /* Categories */,
				5725DEA01A046FF800343E5F /* DDXML.h */,
				5725DEA11A046FF800343E5F /* DDXMLDocument.h */,
				5725DEA21A046FF800343E5F /* DDXMLDocument.m */,
				5725DEA31A046FF800343E5F /* DDXMLElement.h */,
				5725DEA41A046FF800343E5F /* DDXMLElement.m */,
				5725DEA51A046FF800343E5F /* DDXMLNode.h */,
				5725DEA61A046FF800343E5F /* DDXMLNode.m */,
				5725DEA71A046FF800343E5F /* Private */,
			);
			name = KissXML;
			path = "CharSheet-Swift/KissXML";
			sourceTree = "<group>";
		};
		5725DE9A1A046FF800343E5F /* Additions */ = {
			isa = PBXGroup;
			children = (
				5725DE9B1A046FF800343E5F /* DDXMLElementAdditions.h */,
				5725DE9C1A046FF800343E5F /* DDXMLElementAdditions.m */,
			);
			path = Additions;
			sourceTree = "<group>";
		};
		5725DE9D1A046FF800343E5F /* Categories */ = {
			isa = PBXGroup;
			children = (
				5725DE9E1A046FF800343E5F /* NSString+DDXML.h */,
				5725DE9F1A046FF800343E5F /* NSString+DDXML.m */,
			);
			path = Categories;
			sourceTree = "<group>";
		};
		5725DEA71A046FF800343E5F /* Private */ = {
			isa = PBXGroup;
			children = (
				5725DEA81A046FF800343E5F /* DDXMLPrivate.h */,
			);
			path = Private;
			sourceTree = "<group>";
		};
		5725DEBE1A04740A00343E5F /* Model */ = {
			isa = PBXGroup;
			children = (
				57D6359E1B448970004AAB4D /* CharSheet.xcdatamodeld */,
				5725DEB01A0473EC00343E5F /* CharSheet.swift */,
				5725DEB11A0473EC00343E5F /* DieRoll.swift */,
				5725DEB21A0473EC00343E5F /* LogEntry.swift */,
				5725DEC21A0493F100343E5F /* Misc.swift */,
				5725DEC91A07878600343E5F /* MutableSet.swift */,
				5725DEB31A0473EC00343E5F /* Skill.swift */,
				5725DEB41A0473EC00343E5F /* Specialty.swift */,
				5725DEB61A0473EC00343E5F /* XPGain.swift */,
				5725DEBF1A047D5100343E5F /* XMLSupport.swift */,
			);
			name = Model;
			sourceTree = "<group>";
		};
		577A81AA1A07C74F00DA1EC8 /* Views */ = {
			isa = PBXGroup;
			children = (
				577A81AF1A07C8F900DA1EC8 /* StrictGridLayout.swift */,
				577A81B01A07C8F900DA1EC8 /* UseSkillCell.swift */,
				577A81B11A07C8F900DA1EC8 /* UseStatLabel.swift */,
				577A81AB1A07C8F900DA1EC8 /* ActionSheet.swift */,
				577A81AC1A07C8F900DA1EC8 /* CharSheetUseControl.swift */,
				577A81AD1A07C8F900DA1EC8 /* EditSkillCell.swift */,
				5725DED71A07935A00343E5F /* TicksView.swift */,
				577A81A41A07C73600DA1EC8 /* EditSkillCellView.xib */,
				577A81A51A07C73600DA1EC8 /* SkillSelectView.xib */,
				577A81A61A07C73600DA1EC8 /* UseSkillCellView.xib */,
				5725DE7F1A0415CD00343E5F /* LaunchScreen.xib */,
				577A81D41A0B358300DA1EC8 /* Edit.storyboard */,
				577A81D51A0B358300DA1EC8 /* MainUse.storyboard */,
			);
			name = Views;
			sourceTree = "<group>";
		};
		577A81D11A08CFEC00DA1EC8 /* Controllers */ = {
			isa = PBXGroup;
			children = (
				577A81B91A08CFD700DA1EC8 /* CharSheetEditViewController.swift */,
				577A81BA1A08CFD700DA1EC8 /* CharSheetUseViewController.swift */,
				5725DE781A0415CD00343E5F /* DetailViewController.swift */,
				577A81BB1A08CFD700DA1EC8 /* DieRollResultViewController.swift */,
				577A81BC1A08CFD700DA1EC8 /* DieRollViewController.swift */,
				577A81BD1A08CFD700DA1EC8 /* EditNotesViewController.swift */,
				577A81BE1A08CFD700DA1EC8 /* EditSkillViewController.swift */,
				577A81BF1A08CFD700DA1EC8 /* EditSpecialtyViewController.swift */,
				577A81C01A08CFD700DA1EC8 /* EditXPGainViewController.swift */,
				577A81C11A08CFD700DA1EC8 /* EditXPViewController.swift */,
				577A81C21A08CFD700DA1EC8 /* LogEntryViewController.swift */,
				577A81C31A08CFD700DA1EC8 /* LogViewController.swift */,
				577A81D21A091F8B00DA1EC8 /* SkillSelectController.swift */,
				577A81C41A08CFD700DA1EC8 /* StatSelectViewController.swift */,
				5725DE761A0415CD00343E5F /* MasterViewController.swift */,
			);
			name = Controllers;
			sourceTree = "<group>";
		};
/* End PBXGroup section */

/* Begin PBXNativeTarget section */
		5725DE6B1A0415CD00343E5F /* CharSheet */ = {
			isa = PBXNativeTarget;
			buildConfigurationList = 5725DE901A0415CD00343E5F /* Build configuration list for PBXNativeTarget "CharSheet" */;
			buildPhases = (
				5725DE681A0415CD00343E5F /* Sources */,
				5725DE691A0415CD00343E5F /* Frameworks */,
				5725DE6A1A0415CD00343E5F /* Resources */,
			);
			buildRules = (
			);
			dependencies = (
			);
			name = CharSheet;
			productName = "CharSheet-Swift";
			productReference = 5725DE6C1A0415CD00343E5F /* CharSheet.app */;
			productType = "com.apple.product-type.application";
		};
/* End PBXNativeTarget section */

/* Begin PBXProject section */
		5725DE641A0415CC00343E5F /* Project object */ = {
			isa = PBXProject;
			attributes = {
				LastUpgradeCheck = 0610;
				ORGANIZATIONNAME = "Patrick Wallace";
				TargetAttributes = {
					5725DE6B1A0415CD00343E5F = {
						CreatedOnToolsVersion = 6.1;
					};
				};
			};
			buildConfigurationList = 5725DE671A0415CC00343E5F /* Build configuration list for PBXProject "CharSheet" */;
			compatibilityVersion = "Xcode 3.2";
			developmentRegion = English;
			hasScannedForEncodings = 0;
			knownRegions = (
				en,
				Base,
			);
			mainGroup = 5725DE631A0415CC00343E5F;
			productRefGroup = 5725DE6D1A0415CD00343E5F /* Products */;
			projectDirPath = "";
			projectRoot = "";
			targets = (
				5725DE6B1A0415CD00343E5F /* CharSheet */,
			);
		};
/* End PBXProject section */

/* Begin PBXResourcesBuildPhase section */
		5725DE6A1A0415CD00343E5F /* Resources */ = {
			isa = PBXResourcesBuildPhase;
			buildActionMask = 2147483647;
			files = (
				577A81A81A07C73600DA1EC8 /* SkillSelectView.xib in Resources */,
				577A81A91A07C73600DA1EC8 /* UseSkillCellView.xib in Resources */,
				577A81D71A0B358300DA1EC8 /* MainUse.storyboard in Resources */,
				5725DE811A0415CD00343E5F /* LaunchScreen.xib in Resources */,
				577A81A71A07C73600DA1EC8 /* EditSkillCellView.xib in Resources */,
				5725DE7E1A0415CD00343E5F /* Images.xcassets in Resources */,
				577A81D61A0B358300DA1EC8 /* Edit.storyboard in Resources */,
			);
			runOnlyForDeploymentPostprocessing = 0;
		};
/* End PBXResourcesBuildPhase section */

/* Begin PBXSourcesBuildPhase section */
		5725DE681A0415CD00343E5F /* Sources */ = {
			isa = PBXSourcesBuildPhase;
			buildActionMask = 2147483647;
			files = (
				577A81D31A091F8B00DA1EC8 /* SkillSelectController.swift in Sources */,
				577A81B71A07C8F900DA1EC8 /* UseSkillCell.swift in Sources */,
				577A81B31A07C8F900DA1EC8 /* CharSheetUseControl.swift in Sources */,
				5725DEAD1A046FF800343E5F /* DDXMLNode.m in Sources */,
				5725DECA1A07878600343E5F /* MutableSet.swift in Sources */,
				577A81CF1A08CFD700DA1EC8 /* LogViewController.swift in Sources */,
				5725DED81A07935A00343E5F /* TicksView.swift in Sources */,
				577A81C91A08CFD700DA1EC8 /* EditNotesViewController.swift in Sources */,
				577A81B81A07C8F900DA1EC8 /* UseStatLabel.swift in Sources */,
				577A81B41A07C8F900DA1EC8 /* EditSkillCell.swift in Sources */,
				57D635A11B448970004AAB4D /* CharSheet.xcdatamodeld in Sources */,
				5725DE721A0415CD00343E5F /* AppDelegate.swift in Sources */,
				5725DEC51A04AFF800343E5F /* Specialty.swift in Sources */,
				5725DE771A0415CD00343E5F /* MasterViewController.swift in Sources */,
				5725DEC31A0493F100343E5F /* Misc.swift in Sources */,
				5755E1B81B432FF600E466D4 /* Result.swift in Sources */,
				577A81C71A08CFD700DA1EC8 /* DieRollResultViewController.swift in Sources */,
				5725DEB71A0473EC00343E5F /* CharSheet.swift in Sources */,
				577A81B21A07C8F900DA1EC8 /* ActionSheet.swift in Sources */,
				5725DEC41A04A1D000343E5F /* Skill.swift in Sources */,
				577A81C61A08CFD700DA1EC8 /* CharSheetUseViewController.swift in Sources */,
				577A81CB1A08CFD700DA1EC8 /* EditSpecialtyViewController.swift in Sources */,
				577A81B51A07C8F900DA1EC8 /* StoryboardManager.swift in Sources */,
				5725DEAA1A046FF800343E5F /* NSString+DDXML.m in Sources */,
				5755E1BA1B43439D00E466D4 /* XMLExtensions.swift in Sources */,
				577A81D01A08CFD700DA1EC8 /* StatSelectViewController.swift in Sources */,
				5725DEAC1A046FF800343E5F /* DDXMLElement.m in Sources */,
				577A81C81A08CFD700DA1EC8 /* DieRollViewController.swift in Sources */,
				5725DEAB1A046FF800343E5F /* DDXMLDocument.m in Sources */,
				577A81C51A08CFD700DA1EC8 /* CharSheetEditViewController.swift in Sources */,
				577A81CC1A08CFD700DA1EC8 /* EditXPGainViewController.swift in Sources */,
				5725DEC01A047D5100343E5F /* XMLSupport.swift in Sources */,
				5725DEC81A07679900343E5F /* DieRoll.swift in Sources */,
				5725DEC61A04E30F00343E5F /* LogEntry.swift in Sources */,
				577A81CD1A08CFD700DA1EC8 /* EditXPViewController.swift in Sources */,
				577A81CA1A08CFD700DA1EC8 /* EditSkillViewController.swift in Sources */,
				5725DE791A0415CD00343E5F /* DetailViewController.swift in Sources */,
				577A81CE1A08CFD700DA1EC8 /* LogEntryViewController.swift in Sources */,
				5725DEC71A04E95A00343E5F /* XPGain.swift in Sources */,
				5725DEA91A046FF800343E5F /* DDXMLElementAdditions.m in Sources */,
				577A81B61A07C8F900DA1EC8 /* StrictGridLayout.swift in Sources */,
			);
			runOnlyForDeploymentPostprocessing = 0;
		};
/* End PBXSourcesBuildPhase section */

/* Begin PBXVariantGroup section */
		5725DE7F1A0415CD00343E5F /* LaunchScreen.xib */ = {
			isa = PBXVariantGroup;
			children = (
				5725DE801A0415CD00343E5F /* Base */,
			);
			name = LaunchScreen.xib;
			sourceTree = "<group>";
		};
/* End PBXVariantGroup section */

/* Begin XCBuildConfiguration section */
		5725DE8E1A0415CD00343E5F /* Debug */ = {
			isa = XCBuildConfiguration;
			buildSettings = {
				ALWAYS_SEARCH_USER_PATHS = NO;
				CLANG_CXX_LANGUAGE_STANDARD = "gnu++0x";
				CLANG_CXX_LIBRARY = "libc++";
				CLANG_ENABLE_MODULES = YES;
				CLANG_ENABLE_OBJC_ARC = YES;
				CLANG_WARN_BOOL_CONVERSION = YES;
				CLANG_WARN_CONSTANT_CONVERSION = YES;
				CLANG_WARN_DIRECT_OBJC_ISA_USAGE = YES_ERROR;
				CLANG_WARN_EMPTY_BODY = YES;
				CLANG_WARN_ENUM_CONVERSION = YES;
				CLANG_WARN_INT_CONVERSION = YES;
				CLANG_WARN_OBJC_ROOT_CLASS = YES_ERROR;
				CLANG_WARN_UNREACHABLE_CODE = YES;
				CLANG_WARN__DUPLICATE_METHOD_MATCH = YES;
				"CODE_SIGN_IDENTITY[sdk=iphoneos*]" = "iPhone Developer";
				COPY_PHASE_STRIP = NO;
				ENABLE_STRICT_OBJC_MSGSEND = YES;
				GCC_C_LANGUAGE_STANDARD = gnu99;
				GCC_DYNAMIC_NO_PIC = NO;
				GCC_OPTIMIZATION_LEVEL = 0;
				GCC_PREPROCESSOR_DEFINITIONS = (
					"DEBUG=1",
					"$(inherited)",
				);
				GCC_SYMBOLS_PRIVATE_EXTERN = NO;
				GCC_WARN_64_TO_32_BIT_CONVERSION = YES;
				GCC_WARN_ABOUT_RETURN_TYPE = YES_ERROR;
				GCC_WARN_UNDECLARED_SELECTOR = YES;
				GCC_WARN_UNINITIALIZED_AUTOS = YES_AGGRESSIVE;
				GCC_WARN_UNUSED_FUNCTION = YES;
				GCC_WARN_UNUSED_VARIABLE = YES;
				IPHONEOS_DEPLOYMENT_TARGET = 8.1;
				MTL_ENABLE_DEBUG_INFO = YES;
				ONLY_ACTIVE_ARCH = YES;
				SDKROOT = iphoneos;
				SWIFT_OPTIMIZATION_LEVEL = "-Onone";
				TARGETED_DEVICE_FAMILY = 2;
			};
			name = Debug;
		};
		5725DE8F1A0415CD00343E5F /* Release */ = {
			isa = XCBuildConfiguration;
			buildSettings = {
				ALWAYS_SEARCH_USER_PATHS = NO;
				CLANG_CXX_LANGUAGE_STANDARD = "gnu++0x";
				CLANG_CXX_LIBRARY = "libc++";
				CLANG_ENABLE_MODULES = YES;
				CLANG_ENABLE_OBJC_ARC = YES;
				CLANG_WARN_BOOL_CONVERSION = YES;
				CLANG_WARN_CONSTANT_CONVERSION = YES;
				CLANG_WARN_DIRECT_OBJC_ISA_USAGE = YES_ERROR;
				CLANG_WARN_EMPTY_BODY = YES;
				CLANG_WARN_ENUM_CONVERSION = YES;
				CLANG_WARN_INT_CONVERSION = YES;
				CLANG_WARN_OBJC_ROOT_CLASS = YES_ERROR;
				CLANG_WARN_UNREACHABLE_CODE = YES;
				CLANG_WARN__DUPLICATE_METHOD_MATCH = YES;
				"CODE_SIGN_IDENTITY[sdk=iphoneos*]" = "iPhone Developer";
				COPY_PHASE_STRIP = YES;
				ENABLE_NS_ASSERTIONS = NO;
				ENABLE_STRICT_OBJC_MSGSEND = YES;
				GCC_C_LANGUAGE_STANDARD = gnu99;
				GCC_WARN_64_TO_32_BIT_CONVERSION = YES;
				GCC_WARN_ABOUT_RETURN_TYPE = YES_ERROR;
				GCC_WARN_UNDECLARED_SELECTOR = YES;
				GCC_WARN_UNINITIALIZED_AUTOS = YES_AGGRESSIVE;
				GCC_WARN_UNUSED_FUNCTION = YES;
				GCC_WARN_UNUSED_VARIABLE = YES;
				IPHONEOS_DEPLOYMENT_TARGET = 8.1;
				MTL_ENABLE_DEBUG_INFO = NO;
				SDKROOT = iphoneos;
				TARGETED_DEVICE_FAMILY = 2;
				VALIDATE_PRODUCT = YES;
			};
			name = Release;
		};
		5725DE911A0415CD00343E5F /* Debug */ = {
			isa = XCBuildConfiguration;
			buildSettings = {
				ASSETCATALOG_COMPILER_APPICON_NAME = AppIcon;
				"HEADER_SEARCH_PATHS[arch=*]" = /usr/include/libxml2;
				INFOPLIST_FILE = "CharSheet-Swift/Info.plist";
				LD_RUNPATH_SEARCH_PATHS = "$(inherited) @executable_path/Frameworks";
				PRODUCT_NAME = CharSheet;
				"SWIFT_OBJC_BRIDGING_HEADER[arch=*]" = Bridging_Header.h;
			};
			name = Debug;
		};
		5725DE921A0415CD00343E5F /* Release */ = {
			isa = XCBuildConfiguration;
			buildSettings = {
				ASSETCATALOG_COMPILER_APPICON_NAME = AppIcon;
				"HEADER_SEARCH_PATHS[arch=*]" = /usr/include/libxml2;
				INFOPLIST_FILE = "CharSheet-Swift/Info.plist";
				LD_RUNPATH_SEARCH_PATHS = "$(inherited) @executable_path/Frameworks";
				PRODUCT_NAME = CharSheet;
				"SWIFT_OBJC_BRIDGING_HEADER[arch=*]" = Bridging_Header.h;
			};
			name = Release;
		};
/* End XCBuildConfiguration section */

/* Begin XCConfigurationList section */
		5725DE671A0415CC00343E5F /* Build configuration list for PBXProject "CharSheet" */ = {
			isa = XCConfigurationList;
			buildConfigurations = (
				5725DE8E1A0415CD00343E5F /* Debug */,
				5725DE8F1A0415CD00343E5F /* Release */,
			);
			defaultConfigurationIsVisible = 0;
			defaultConfigurationName = Release;
		};
		5725DE901A0415CD00343E5F /* Build configuration list for PBXNativeTarget "CharSheet" */ = {
			isa = XCConfigurationList;
			buildConfigurations = (
				5725DE911A0415CD00343E5F /* Debug */,
				5725DE921A0415CD00343E5F /* Release */,
			);
			defaultConfigurationIsVisible = 0;
			defaultConfigurationName = Release;
		};
/* End XCConfigurationList section */

/* Begin XCVersionGroup section */
		57D6359E1B448970004AAB4D /* CharSheet.xcdatamodeld */ = {
			isa = XCVersionGroup;
			children = (
				57D6359F1B448970004AAB4D /* CharSheet 2.xcdatamodel */,
				57D635A01B448970004AAB4D /* CharSheet.xcdatamodel */,
			);
			currentVersion = 57D6359F1B448970004AAB4D /* CharSheet 2.xcdatamodel */;
			path = CharSheet.xcdatamodeld;
			sourceTree = "<group>";
			versionGroupType = wrapper.xcdatamodel;
		};
/* End XCVersionGroup section */
	};
	rootObject = 5725DE641A0415CC00343E5F /* Project object */;
}
